# THIS IS AN AUTOGENERATED FILE. DO NOT EDIT THIS FILE DIRECTLY.
# yarn lockfile v1


google-protobuf@^3.6.1, google-protobuf@^3.9.1:
  version "3.9.1"
  resolved "https://registry.npm.taobao.org/google-protobuf/download/google-protobuf-3.9.1.tgz#87e6a16b7fb16405b515a6c6622d5ace45578d86"
  integrity sha1-h+aha3+xZAW1FabGYi1azkVXjYY=

ts-protoc-gen@^0.11.0:
  version "0.11.0"
  resolved "https://registry.npm.taobao.org/ts-protoc-gen/download/ts-protoc-gen-0.11.0.tgz#6a31755321c0d0f4563ce7bcdb8b72a2c9a7c458"
  integrity sha1-ajF1UyHA0PRWPOe824tyosmnxFg=
  dependencies:
    google-protobuf "^3.6.1"
